
Microsoft Visual Studio Solution File, Format Version 12.00
# Visual Studio Version 17
VisualStudioVersion = 17.7.34202.233
MinimumVisualStudioVersion = 10.0.40219.1
Project("{FAE04EC0-301F-11D3-BF4B-00C04F79EFBC}") = "JustInTimeApi", "JustInTimeApi\JustInTimeApi.csproj", "{1E5DD179-770D-4934-9774-44A8CFEAEDEE}"
EndProject
Global
	GlobalSection(SolutionConfigurationPlatforms) = preSolution
		Debug|Any CPU = Debug|Any CPU
		Release|Any CPU = Release|Any CPU
	EndGlobalSection
	GlobalSection(ProjectConfigurationPlatforms) = postSolution
		{1E5DD179-770D-4934-9774-44A8CFEAEDEE}.Debug|Any CPU.ActiveCfg = Debug|Any CPU
		{1E5DD179-770D-4934-9774-44A8CFEAEDEE}.Debug|Any CPU.Build.0 = Debug|Any CPU
		{1E5DD179-770D-4934-9774-44A8CFEAEDEE}.Release|Any CPU.ActiveCfg = Release|Any CPU
		{1E5DD179-770D-4934-9774-44A8CFEAEDEE}.Release|Any CPU.Build.0 = Release|Any CPU
	EndGlobalSection
	GlobalSection(SolutionProperties) = preSolution
		HideSolutionNode = FALSE
	EndGlobalSection
	GlobalSection(ExtensibilityGlobals) = postSolution
		SolutionGuid = {75B36F6E-C9F1-421F-AC7C-11BD676B7CF4}
	EndGlobalSection
EndGlobal
